
Microsoft Visual Studio Solution File, Format Version 12.00
# Visual Studio Version 17
VisualStudioVersion = 17.3.32922.545
MinimumVisualStudioVersion = 10.0.40219.1
Project("{FAE04EC0-301F-11D3-BF4B-00C04F79EFBC}") = "DataControls", "DataControls\DataControls.csproj", "{E8933024-480D-45C0-AA8A-29715AA5425A}"
EndProject
Global
	GlobalSection(SolutionConfigurationPlatforms) = preSolution
		Debug|Any CPU = Debug|Any CPU
		Release|Any CPU = Release|Any CPU
	EndGlobalSection
	GlobalSection(ProjectConfigurationPlatforms) = postSolution
		{E8933024-480D-45C0-AA8A-29715AA5425A}.Debug|Any CPU.ActiveCfg = Debug|Any CPU
		{E8933024-480D-45C0-AA8A-29715AA5425A}.Debug|Any CPU.Build.0 = Debug|Any CPU
		{E8933024-480D-45C0-AA8A-29715AA5425A}.Release|Any CPU.ActiveCfg = Release|Any CPU
		{E8933024-480D-45C0-AA8A-29715AA5425A}.Release|Any CPU.Build.0 = Release|Any CPU
	EndGlobalSection
	GlobalSection(SolutionProperties) = preSolution
		HideSolutionNode = FALSE
	EndGlobalSection
	GlobalSection(ExtensibilityGlobals) = postSolution
		SolutionGuid = {84289032-F0DA-4981-B14F-6E97B84F9FB6}
	EndGlobalSection
EndGlobal
