
Microsoft Visual Studio Solution File, Format Version 12.00
# Visual Studio Version 17
VisualStudioVersion = 17.2.32630.192
MinimumVisualStudioVersion = 10.0.40219.1
Project("{FAE04EC0-301F-11D3-BF4B-00C04F79EFBC}") = "FirstProgram", "FirstProgram\FirstProgram.csproj", "{6EED270C-7113-44D7-A6D7-DBD13564CA48}"
EndProject
Global
	GlobalSection(SolutionConfigurationPlatforms) = preSolution
		Debug|Any CPU = Debug|Any CPU
		Release|Any CPU = Release|Any CPU
	EndGlobalSection
	GlobalSection(ProjectConfigurationPlatforms) = postSolution
		{6EED270C-7113-44D7-A6D7-DBD13564CA48}.Debug|Any CPU.ActiveCfg = Debug|Any CPU
		{6EED270C-7113-44D7-A6D7-DBD13564CA48}.Debug|Any CPU.Build.0 = Debug|Any CPU
		{6EED270C-7113-44D7-A6D7-DBD13564CA48}.Release|Any CPU.ActiveCfg = Release|Any CPU
		{6EED270C-7113-44D7-A6D7-DBD13564CA48}.Release|Any CPU.Build.0 = Release|Any CPU
	EndGlobalSection
	GlobalSection(SolutionProperties) = preSolution
		HideSolutionNode = FALSE
	EndGlobalSection
	GlobalSection(ExtensibilityGlobals) = postSolution
		SolutionGuid = {19572E0C-B4E6-4717-887D-63A35D37B9F4}
	EndGlobalSection
EndGlobal
