
Microsoft Visual Studio Solution File, Format Version 12.00
# Visual Studio Version 17
VisualStudioVersion = 17.3.32825.248
MinimumVisualStudioVersion = 10.0.40219.1
Project("{FAE04EC0-301F-11D3-BF4B-00C04F79EFBC}") = "LambdasDemo", "LambdasDemo\LambdasDemo.csproj", "{DAA691C5-30A5-4E01-9627-A2A3448DE15F}"
EndProject
Global
	GlobalSection(SolutionConfigurationPlatforms) = preSolution
		Debug|Any CPU = Debug|Any CPU
		Release|Any CPU = Release|Any CPU
	EndGlobalSection
	GlobalSection(ProjectConfigurationPlatforms) = postSolution
		{DAA691C5-30A5-4E01-9627-A2A3448DE15F}.Debug|Any CPU.ActiveCfg = Debug|Any CPU
		{DAA691C5-30A5-4E01-9627-A2A3448DE15F}.Debug|Any CPU.Build.0 = Debug|Any CPU
		{DAA691C5-30A5-4E01-9627-A2A3448DE15F}.Release|Any CPU.ActiveCfg = Release|Any CPU
		{DAA691C5-30A5-4E01-9627-A2A3448DE15F}.Release|Any CPU.Build.0 = Release|Any CPU
	EndGlobalSection
	GlobalSection(SolutionProperties) = preSolution
		HideSolutionNode = FALSE
	EndGlobalSection
	GlobalSection(ExtensibilityGlobals) = postSolution
		SolutionGuid = {92B8345A-A35F-4E5F-B4CD-8CBC3886B389}
	EndGlobalSection
EndGlobal
