
Microsoft Visual Studio Solution File, Format Version 12.00
# Visual Studio Version 17
VisualStudioVersion = 17.3.32825.248
MinimumVisualStudioVersion = 10.0.40219.1
Project("{FAE04EC0-301F-11D3-BF4B-00C04F79EFBC}") = "DentalCare", "DentalCare\DentalCare.csproj", "{06E438B2-A107-4DF1-BE03-5CBB94609FB4}"
EndProject
Global
	GlobalSection(SolutionConfigurationPlatforms) = preSolution
		Debug|Any CPU = Debug|Any CPU
		Release|Any CPU = Release|Any CPU
	EndGlobalSection
	GlobalSection(ProjectConfigurationPlatforms) = postSolution
		{06E438B2-A107-4DF1-BE03-5CBB94609FB4}.Debug|Any CPU.ActiveCfg = Debug|Any CPU
		{06E438B2-A107-4DF1-BE03-5CBB94609FB4}.Debug|Any CPU.Build.0 = Debug|Any CPU
		{06E438B2-A107-4DF1-BE03-5CBB94609FB4}.Release|Any CPU.ActiveCfg = Release|Any CPU
		{06E438B2-A107-4DF1-BE03-5CBB94609FB4}.Release|Any CPU.Build.0 = Release|Any CPU
	EndGlobalSection
	GlobalSection(SolutionProperties) = preSolution
		HideSolutionNode = FALSE
	EndGlobalSection
	GlobalSection(ExtensibilityGlobals) = postSolution
		SolutionGuid = {265D43F1-5B4F-4EEA-A770-EB37A36677E6}
	EndGlobalSection
EndGlobal
