
Microsoft Visual Studio Solution File, Format Version 12.00
# Visual Studio Version 17
VisualStudioVersion = 17.2.32630.192
MinimumVisualStudioVersion = 10.0.40219.1
Project("{FAE04EC0-301F-11D3-BF4B-00C04F79EFBC}") = "PooBasics", "PooBasics\PooBasics.csproj", "{4CA036BC-42BA-43FD-863C-D86532B36CDD}"
EndProject
Global
	GlobalSection(SolutionConfigurationPlatforms) = preSolution
		Debug|Any CPU = Debug|Any CPU
		Release|Any CPU = Release|Any CPU
	EndGlobalSection
	GlobalSection(ProjectConfigurationPlatforms) = postSolution
		{4CA036BC-42BA-43FD-863C-D86532B36CDD}.Debug|Any CPU.ActiveCfg = Debug|Any CPU
		{4CA036BC-42BA-43FD-863C-D86532B36CDD}.Debug|Any CPU.Build.0 = Debug|Any CPU
		{4CA036BC-42BA-43FD-863C-D86532B36CDD}.Release|Any CPU.ActiveCfg = Release|Any CPU
		{4CA036BC-42BA-43FD-863C-D86532B36CDD}.Release|Any CPU.Build.0 = Release|Any CPU
	EndGlobalSection
	GlobalSection(SolutionProperties) = preSolution
		HideSolutionNode = FALSE
	EndGlobalSection
	GlobalSection(ExtensibilityGlobals) = postSolution
		SolutionGuid = {249F6080-3B70-4BBF-97CD-BF08E12DE982}
	EndGlobalSection
EndGlobal
